// !$*UTF8*$!
{
	archiveVersion = 1;
	classes = {
	};
	objectVersion = 54;
	objects = {

/* Begin PBXBuildFile section */
		00E356F31AD99517003FC87E /* pinpalfrontendTests.m in Sources */ = {isa = PBXBuildFile; fileRef = 00E356F21AD99517003FC87E /* pinpalfrontendTests.m */; };
		0C80B921A6F3F58F76C31292 /* libPods-pinpalfrontend.a in Frameworks */ = {isa = PBXBuildFile; fileRef = 5DCACB8F33CDC322A6C60F78 /* libPods-pinpalfrontend.a */; };
		0ED6278CFECD4EC09D75D6F1 /* Sansation_Regular.ttf in Resources */ = {isa = PBXBuildFile; fileRef = 1C09564894554EEEA2D1B856 /* Sansation_Regular.ttf */; };
		13B07FBC1A68108700A75B9A /* AppDelegate.mm in Sources */ = {isa = PBXBuildFile; fileRef = 13B07FB01A68108700A75B9A /* AppDelegate.mm */; };
		13B07FBF1A68108700A75B9A /* Images.xcassets in Resources */ = {isa = PBXBuildFile; fileRef = 13B07FB51A68108700A75B9A /* Images.xcassets */; };
		13B07FC11A68108700A75B9A /* main.m in Sources */ = {isa = PBXBuildFile; fileRef = 13B07FB71A68108700A75B9A /* main.m */; };
		214E2FE89175467F814F1939 /* Sansation_Italic.ttf in Resources */ = {isa = PBXBuildFile; fileRef = 37D17C76B2DF482F9F4E5147 /* Sansation_Italic.ttf */; };
		4835F1380D2D4240B93CF861 /* GentiumBookPlus-BoldItalic.ttf in Resources */ = {isa = PBXBuildFile; fileRef = E80E0DE07AB94679A0B72505 /* GentiumBookPlus-BoldItalic.ttf */; };
		59B9B1780D624B22AF90774D /* Sansation_Light.ttf in Resources */ = {isa = PBXBuildFile; fileRef = 367B728F52CC4F898E120E0F /* Sansation_Light.ttf */; };
		6105B53E06FE461D8E79D881 /* Sansation_Bold_Italic.ttf in Resources */ = {isa = PBXBuildFile; fileRef = FD38407AC46E4644B6933DF9 /* Sansation_Bold_Italic.ttf */; };
		6D81C220B87444C3BE6B215D /* GentiumBookPlusItalic.ttf in Resources */ = {isa = PBXBuildFile; fileRef = 672938C3639F475499157E97 /* GentiumBookPlusItalic.ttf */; };
		7699B88040F8A987B510C191 /* libPods-pinpalfrontend-pinpalfrontendTests.a in Frameworks */ = {isa = PBXBuildFile; fileRef = 19F6CBCC0A4E27FBF8BF4A61 /* libPods-pinpalfrontend-pinpalfrontendTests.a */; };
		81AB9BB82411601600AC10FF /* LaunchScreen.storyboard in Resources */ = {isa = PBXBuildFile; fileRef = 81AB9BB72411601600AC10FF /* LaunchScreen.storyboard */; };
		9858878196204A56AFCBAA1A /* GentiumBookPlus-Regular.ttf in Resources */ = {isa = PBXBuildFile; fileRef = 236345E997BA4AB0909623FE /* GentiumBookPlus-Regular.ttf */; };
		A336A9922C6BD0E4005D99D4 /* AntDesign.ttf in Resources */ = {isa = PBXBuildFile; fileRef = A336A97E2C6BD0E4005D99D4 /* AntDesign.ttf */; };
		A336A9932C6BD0E4005D99D4 /* Entypo.ttf in Resources */ = {isa = PBXBuildFile; fileRef = A336A97F2C6BD0E4005D99D4 /* Entypo.ttf */; };
		A336A9942C6BD0E4005D99D4 /* EvilIcons.ttf in Resources */ = {isa = PBXBuildFile; fileRef = A336A9802C6BD0E4005D99D4 /* EvilIcons.ttf */; };
		A336A9952C6BD0E4005D99D4 /* Feather.ttf in Resources */ = {isa = PBXBuildFile; fileRef = A336A9812C6BD0E4005D99D4 /* Feather.ttf */; };
		A336A9962C6BD0E4005D99D4 /* FontAwesome.ttf in Resources */ = {isa = PBXBuildFile; fileRef = A336A9822C6BD0E4005D99D4 /* FontAwesome.ttf */; };
		A336A9972C6BD0E4005D99D4 /* FontAwesome5_Brands.ttf in Resources */ = {isa = PBXBuildFile; fileRef = A336A9832C6BD0E4005D99D4 /* FontAwesome5_Brands.ttf */; };
		A336A9982C6BD0E4005D99D4 /* FontAwesome5_Regular.ttf in Resources */ = {isa = PBXBuildFile; fileRef = A336A9842C6BD0E4005D99D4 /* FontAwesome5_Regular.ttf */; };
		A336A9992C6BD0E4005D99D4 /* FontAwesome5_Solid.ttf in Resources */ = {isa = PBXBuildFile; fileRef = A336A9852C6BD0E4005D99D4 /* FontAwesome5_Solid.ttf */; };
		A336A99A2C6BD0E4005D99D4 /* FontAwesome6_Brands.ttf in Resources */ = {isa = PBXBuildFile; fileRef = A336A9862C6BD0E4005D99D4 /* FontAwesome6_Brands.ttf */; };
		A336A99B2C6BD0E4005D99D4 /* FontAwesome6_Regular.ttf in Resources */ = {isa = PBXBuildFile; fileRef = A336A9872C6BD0E4005D99D4 /* FontAwesome6_Regular.ttf */; };
		A336A99C2C6BD0E4005D99D4 /* FontAwesome6_Solid.ttf in Resources */ = {isa = PBXBuildFile; fileRef = A336A9882C6BD0E4005D99D4 /* FontAwesome6_Solid.ttf */; };
		A336A99D2C6BD0E4005D99D4 /* Fontisto.ttf in Resources */ = {isa = PBXBuildFile; fileRef = A336A9892C6BD0E4005D99D4 /* Fontisto.ttf */; };
		A336A99E2C6BD0E4005D99D4 /* Foundation.ttf in Resources */ = {isa = PBXBuildFile; fileRef = A336A98A2C6BD0E4005D99D4 /* Foundation.ttf */; };
		A336A99F2C6BD0E4005D99D4 /* Ionicons.ttf in Resources */ = {isa = PBXBuildFile; fileRef = A336A98B2C6BD0E4005D99D4 /* Ionicons.ttf */; };
		A336A9A02C6BD0E4005D99D4 /* MaterialCommunityIcons.ttf in Resources */ = {isa = PBXBuildFile; fileRef = A336A98C2C6BD0E4005D99D4 /* MaterialCommunityIcons.ttf */; };
		A336A9A12C6BD0E4005D99D4 /* MaterialIcons.ttf in Resources */ = {isa = PBXBuildFile; fileRef = A336A98D2C6BD0E4005D99D4 /* MaterialIcons.ttf */; };
		A336A9A22C6BD0E4005D99D4 /* Octicons.ttf in Resources */ = {isa = PBXBuildFile; fileRef = A336A98E2C6BD0E4005D99D4 /* Octicons.ttf */; };
		A336A9A32C6BD0E4005D99D4 /* SimpleLineIcons.ttf in Resources */ = {isa = PBXBuildFile; fileRef = A336A98F2C6BD0E4005D99D4 /* SimpleLineIcons.ttf */; };
		A336A9A42C6BD0E4005D99D4 /* Zocial.ttf in Resources */ = {isa = PBXBuildFile; fileRef = A336A9902C6BD0E4005D99D4 /* Zocial.ttf */; };
		A3FADC1342824607982FF923 /* Sansation_Light_Italic.ttf in Resources */ = {isa = PBXBuildFile; fileRef = 44A8A4E9007C4DE98095C793 /* Sansation_Light_Italic.ttf */; };
		CD9687237F925D96D3F1CBC7 /* PrivacyInfo.xcprivacy in Resources */ = {isa = PBXBuildFile; fileRef = 59FC3CCB0471EE1186F928DD /* PrivacyInfo.xcprivacy */; };
		D7F983707B114B22ADF8CE40 /* Sansation_Bold.ttf in Resources */ = {isa = PBXBuildFile; fileRef = AFA3A992A947444BAF27E915 /* Sansation_Bold.ttf */; };
		F06199079DA143B5BBBD9154 /* GentiumBookPlusBold.ttf in Resources */ = {isa = PBXBuildFile; fileRef = 07316B7F503A4CC8BB13E47E /* GentiumBookPlusBold.ttf */; };
/* End PBXBuildFile section */

/* Begin PBXContainerItemProxy section */
		00E356F41AD99517003FC87E /* PBXContainerItemProxy */ = {
			isa = PBXContainerItemProxy;
			containerPortal = 83CBB9F71A601CBA00E9B192 /* Project object */;
			proxyType = 1;
			remoteGlobalIDString = 13B07F861A680F5B00A75B9A;
			remoteInfo = pinpalfrontend;
		};
/* End PBXContainerItemProxy section */

/* Begin PBXFileReference section */
		00E356EE1AD99517003FC87E /* pinpalfrontendTests.xctest */ = {isa = PBXFileReference; explicitFileType = wrapper.cfbundle; includeInIndex = 0; path = pinpalfrontendTests.xctest; sourceTree = BUILT_PRODUCTS_DIR; };
		00E356F11AD99517003FC87E /* Info.plist */ = {isa = PBXFileReference; lastKnownFileType = text.plist.xml; path = Info.plist; sourceTree = "<group>"; };
		00E356F21AD99517003FC87E /* pinpalfrontendTests.m */ = {isa = PBXFileReference; lastKnownFileType = sourcecode.c.objc; path = pinpalfrontendTests.m; sourceTree = "<group>"; };
		07316B7F503A4CC8BB13E47E /* GentiumBookPlusBold.ttf */ = {isa = PBXFileReference; explicitFileType = undefined; fileEncoding = 9; includeInIndex = 0; lastKnownFileType = unknown; name = GentiumBookPlusBold.ttf; path = ../assets/fonts/GentiumBookPlusBold.ttf; sourceTree = "<group>"; };
		13B07F961A680F5B00A75B9A /* pinpalfrontend.app */ = {isa = PBXFileReference; explicitFileType = wrapper.application; includeInIndex = 0; path = pinpalfrontend.app; sourceTree = BUILT_PRODUCTS_DIR; };
		13B07FAF1A68108700A75B9A /* AppDelegate.h */ = {isa = PBXFileReference; fileEncoding = 4; lastKnownFileType = sourcecode.c.h; name = AppDelegate.h; path = pinpalfrontend/AppDelegate.h; sourceTree = "<group>"; };
		13B07FB01A68108700A75B9A /* AppDelegate.mm */ = {isa = PBXFileReference; fileEncoding = 4; lastKnownFileType = sourcecode.cpp.objcpp; name = AppDelegate.mm; path = pinpalfrontend/AppDelegate.mm; sourceTree = "<group>"; };
		13B07FB51A68108700A75B9A /* Images.xcassets */ = {isa = PBXFileReference; lastKnownFileType = folder.assetcatalog; name = Images.xcassets; path = pinpalfrontend/Images.xcassets; sourceTree = "<group>"; };
		13B07FB61A68108700A75B9A /* Info.plist */ = {isa = PBXFileReference; fileEncoding = 4; lastKnownFileType = text.plist.xml; name = Info.plist; path = pinpalfrontend/Info.plist; sourceTree = "<group>"; };
		13B07FB71A68108700A75B9A /* main.m */ = {isa = PBXFileReference; fileEncoding = 4; lastKnownFileType = sourcecode.c.objc; name = main.m; path = pinpalfrontend/main.m; sourceTree = "<group>"; };
		13B07FB81A68108700A75B9A /* PrivacyInfo.xcprivacy */ = {isa = PBXFileReference; fileEncoding = 4; lastKnownFileType = text.plist.xml; name = PrivacyInfo.xcprivacy; path = pinpalfrontend/PrivacyInfo.xcprivacy; sourceTree = "<group>"; };
		19F6CBCC0A4E27FBF8BF4A61 /* libPods-pinpalfrontend-pinpalfrontendTests.a */ = {isa = PBXFileReference; explicitFileType = archive.ar; includeInIndex = 0; path = "libPods-pinpalfrontend-pinpalfrontendTests.a"; sourceTree = BUILT_PRODUCTS_DIR; };
		1C09564894554EEEA2D1B856 /* Sansation_Regular.ttf */ = {isa = PBXFileReference; explicitFileType = undefined; fileEncoding = 9; includeInIndex = 0; lastKnownFileType = unknown; name = Sansation_Regular.ttf; path = ../assets/fonts/Sansation_Regular.ttf; sourceTree = "<group>"; };
		236345E997BA4AB0909623FE /* GentiumBookPlus-Regular.ttf */ = {isa = PBXFileReference; explicitFileType = undefined; fileEncoding = 9; includeInIndex = 0; lastKnownFileType = unknown; name = "GentiumBookPlus-Regular.ttf"; path = "../assets/fonts/GentiumBookPlus-Regular.ttf"; sourceTree = "<group>"; };
		367B728F52CC4F898E120E0F /* Sansation_Light.ttf */ = {isa = PBXFileReference; explicitFileType = undefined; fileEncoding = 9; includeInIndex = 0; lastKnownFileType = unknown; name = Sansation_Light.ttf; path = ../assets/fonts/Sansation_Light.ttf; sourceTree = "<group>"; };
		37D17C76B2DF482F9F4E5147 /* Sansation_Italic.ttf */ = {isa = PBXFileReference; explicitFileType = undefined; fileEncoding = 9; includeInIndex = 0; lastKnownFileType = unknown; name = Sansation_Italic.ttf; path = ../assets/fonts/Sansation_Italic.ttf; sourceTree = "<group>"; };
		3B4392A12AC88292D35C810B /* Pods-pinpalfrontend.debug.xcconfig */ = {isa = PBXFileReference; includeInIndex = 1; lastKnownFileType = text.xcconfig; name = "Pods-pinpalfrontend.debug.xcconfig"; path = "Target Support Files/Pods-pinpalfrontend/Pods-pinpalfrontend.debug.xcconfig"; sourceTree = "<group>"; };
		44A8A4E9007C4DE98095C793 /* Sansation_Light_Italic.ttf */ = {isa = PBXFileReference; explicitFileType = undefined; fileEncoding = 9; includeInIndex = 0; lastKnownFileType = unknown; name = Sansation_Light_Italic.ttf; path = ../assets/fonts/Sansation_Light_Italic.ttf; sourceTree = "<group>"; };
		5709B34CF0A7D63546082F79 /* Pods-pinpalfrontend.release.xcconfig */ = {isa = PBXFileReference; includeInIndex = 1; lastKnownFileType = text.xcconfig; name = "Pods-pinpalfrontend.release.xcconfig"; path = "Target Support Files/Pods-pinpalfrontend/Pods-pinpalfrontend.release.xcconfig"; sourceTree = "<group>"; };
		59FC3CCB0471EE1186F928DD /* PrivacyInfo.xcprivacy */ = {isa = PBXFileReference; includeInIndex = 1; lastKnownFileType = text.xml; name = PrivacyInfo.xcprivacy; path = pinpalfrontend/PrivacyInfo.xcprivacy; sourceTree = "<group>"; };
		5B7EB9410499542E8C5724F5 /* Pods-pinpalfrontend-pinpalfrontendTests.debug.xcconfig */ = {isa = PBXFileReference; includeInIndex = 1; lastKnownFileType = text.xcconfig; name = "Pods-pinpalfrontend-pinpalfrontendTests.debug.xcconfig"; path = "Target Support Files/Pods-pinpalfrontend-pinpalfrontendTests/Pods-pinpalfrontend-pinpalfrontendTests.debug.xcconfig"; sourceTree = "<group>"; };
		5DCACB8F33CDC322A6C60F78 /* libPods-pinpalfrontend.a */ = {isa = PBXFileReference; explicitFileType = archive.ar; includeInIndex = 0; path = "libPods-pinpalfrontend.a"; sourceTree = BUILT_PRODUCTS_DIR; };
		672938C3639F475499157E97 /* GentiumBookPlusItalic.ttf */ = {isa = PBXFileReference; explicitFileType = undefined; fileEncoding = 9; includeInIndex = 0; lastKnownFileType = unknown; name = GentiumBookPlusItalic.ttf; path = ../assets/fonts/GentiumBookPlusItalic.ttf; sourceTree = "<group>"; };
		81AB9BB72411601600AC10FF /* LaunchScreen.storyboard */ = {isa = PBXFileReference; fileEncoding = 4; lastKnownFileType = file.storyboard; name = LaunchScreen.storyboard; path = pinpalfrontend/LaunchScreen.storyboard; sourceTree = "<group>"; };
		89C6BE57DB24E9ADA2F236DE /* Pods-pinpalfrontend-pinpalfrontendTests.release.xcconfig */ = {isa = PBXFileReference; includeInIndex = 1; lastKnownFileType = text.xcconfig; name = "Pods-pinpalfrontend-pinpalfrontendTests.release.xcconfig"; path = "Target Support Files/Pods-pinpalfrontend-pinpalfrontendTests/Pods-pinpalfrontend-pinpalfrontendTests.release.xcconfig"; sourceTree = "<group>"; };
		A336A97E2C6BD0E4005D99D4 /* AntDesign.ttf */ = {isa = PBXFileReference; lastKnownFileType = file; path = AntDesign.ttf; sourceTree = "<group>"; };
		A336A97F2C6BD0E4005D99D4 /* Entypo.ttf */ = {isa = PBXFileReference; lastKnownFileType = file; path = Entypo.ttf; sourceTree = "<group>"; };
		A336A9802C6BD0E4005D99D4 /* EvilIcons.ttf */ = {isa = PBXFileReference; lastKnownFileType = file; path = EvilIcons.ttf; sourceTree = "<group>"; };
		A336A9812C6BD0E4005D99D4 /* Feather.ttf */ = {isa = PBXFileReference; lastKnownFileType = file; path = Feather.ttf; sourceTree = "<group>"; };
		A336A9822C6BD0E4005D99D4 /* FontAwesome.ttf */ = {isa = PBXFileReference; lastKnownFileType = file; path = FontAwesome.ttf; sourceTree = "<group>"; };
		A336A9832C6BD0E4005D99D4 /* FontAwesome5_Brands.ttf */ = {isa = PBXFileReference; lastKnownFileType = file; path = FontAwesome5_Brands.ttf; sourceTree = "<group>"; };
		A336A9842C6BD0E4005D99D4 /* FontAwesome5_Regular.ttf */ = {isa = PBXFileReference; lastKnownFileType = file; path = FontAwesome5_Regular.ttf; sourceTree = "<group>"; };
		A336A9852C6BD0E4005D99D4 /* FontAwesome5_Solid.ttf */ = {isa = PBXFileReference; lastKnownFileType = file; path = FontAwesome5_Solid.ttf; sourceTree = "<group>"; };
		A336A9862C6BD0E4005D99D4 /* FontAwesome6_Brands.ttf */ = {isa = PBXFileReference; lastKnownFileType = file; path = FontAwesome6_Brands.ttf; sourceTree = "<group>"; };
		A336A9872C6BD0E4005D99D4 /* FontAwesome6_Regular.ttf */ = {isa = PBXFileReference; lastKnownFileType = file; path = FontAwesome6_Regular.ttf; sourceTree = "<group>"; };
		A336A9882C6BD0E4005D99D4 /* FontAwesome6_Solid.ttf */ = {isa = PBXFileReference; lastKnownFileType = file; path = FontAwesome6_Solid.ttf; sourceTree = "<group>"; };
		A336A9892C6BD0E4005D99D4 /* Fontisto.ttf */ = {isa = PBXFileReference; lastKnownFileType = file; path = Fontisto.ttf; sourceTree = "<group>"; };
		A336A98A2C6BD0E4005D99D4 /* Foundation.ttf */ = {isa = PBXFileReference; lastKnownFileType = file; path = Foundation.ttf; sourceTree = "<group>"; };
		A336A98B2C6BD0E4005D99D4 /* Ionicons.ttf */ = {isa = PBXFileReference; lastKnownFileType = file; path = Ionicons.ttf; sourceTree = "<group>"; };
		A336A98C2C6BD0E4005D99D4 /* MaterialCommunityIcons.ttf */ = {isa = PBXFileReference; lastKnownFileType = file; path = MaterialCommunityIcons.ttf; sourceTree = "<group>"; };
		A336A98D2C6BD0E4005D99D4 /* MaterialIcons.ttf */ = {isa = PBXFileReference; lastKnownFileType = file; path = MaterialIcons.ttf; sourceTree = "<group>"; };
		A336A98E2C6BD0E4005D99D4 /* Octicons.ttf */ = {isa = PBXFileReference; lastKnownFileType = file; path = Octicons.ttf; sourceTree = "<group>"; };
		A336A98F2C6BD0E4005D99D4 /* SimpleLineIcons.ttf */ = {isa = PBXFileReference; lastKnownFileType = file; path = SimpleLineIcons.ttf; sourceTree = "<group>"; };
		A336A9902C6BD0E4005D99D4 /* Zocial.ttf */ = {isa = PBXFileReference; lastKnownFileType = file; path = Zocial.ttf; sourceTree = "<group>"; };
		AFA3A992A947444BAF27E915 /* Sansation_Bold.ttf */ = {isa = PBXFileReference; explicitFileType = undefined; fileEncoding = 9; includeInIndex = 0; lastKnownFileType = unknown; name = Sansation_Bold.ttf; path = ../assets/fonts/Sansation_Bold.ttf; sourceTree = "<group>"; };
		E80E0DE07AB94679A0B72505 /* GentiumBookPlus-BoldItalic.ttf */ = {isa = PBXFileReference; explicitFileType = undefined; fileEncoding = 9; includeInIndex = 0; lastKnownFileType = unknown; name = "GentiumBookPlus-BoldItalic.ttf"; path = "../assets/fonts/GentiumBookPlus-BoldItalic.ttf"; sourceTree = "<group>"; };
		ED297162215061F000B7C4FE /* JavaScriptCore.framework */ = {isa = PBXFileReference; lastKnownFileType = wrapper.framework; name = JavaScriptCore.framework; path = System/Library/Frameworks/JavaScriptCore.framework; sourceTree = SDKROOT; };
		FD38407AC46E4644B6933DF9 /* Sansation_Bold_Italic.ttf */ = {isa = PBXFileReference; explicitFileType = undefined; fileEncoding = 9; includeInIndex = 0; lastKnownFileType = unknown; name = Sansation_Bold_Italic.ttf; path = ../assets/fonts/Sansation_Bold_Italic.ttf; sourceTree = "<group>"; };
/* End PBXFileReference section */

/* Begin PBXFrameworksBuildPhase section */
		00E356EB1AD99517003FC87E /* Frameworks */ = {
			isa = PBXFrameworksBuildPhase;
			buildActionMask = 2147483647;
			files = (
				7699B88040F8A987B510C191 /* libPods-pinpalfrontend-pinpalfrontendTests.a in Frameworks */,
			);
			runOnlyForDeploymentPostprocessing = 0;
		};
		13B07F8C1A680F5B00A75B9A /* Frameworks */ = {
			isa = PBXFrameworksBuildPhase;
			buildActionMask = 2147483647;
			files = (
				0C80B921A6F3F58F76C31292 /* libPods-pinpalfrontend.a in Frameworks */,
			);
			runOnlyForDeploymentPostprocessing = 0;
		};
/* End PBXFrameworksBuildPhase section */

/* Begin PBXGroup section */
		00E356EF1AD99517003FC87E /* pinpalfrontendTests */ = {
			isa = PBXGroup;
			children = (
				00E356F21AD99517003FC87E /* pinpalfrontendTests.m */,
				00E356F01AD99517003FC87E /* Supporting Files */,
			);
			path = pinpalfrontendTests;
			sourceTree = "<group>";
		};
		00E356F01AD99517003FC87E /* Supporting Files */ = {
			isa = PBXGroup;
			children = (
				00E356F11AD99517003FC87E /* Info.plist */,
			);
			name = "Supporting Files";
			sourceTree = "<group>";
		};
		13B07FAE1A68108700A75B9A /* pinpalfrontend */ = {
			isa = PBXGroup;
			children = (
				A336A9912C6BD0E4005D99D4 /* Fonts */,
				13B07FAF1A68108700A75B9A /* AppDelegate.h */,
				13B07FB01A68108700A75B9A /* AppDelegate.mm */,
				13B07FB51A68108700A75B9A /* Images.xcassets */,
				13B07FB61A68108700A75B9A /* Info.plist */,
				81AB9BB72411601600AC10FF /* LaunchScreen.storyboard */,
				13B07FB71A68108700A75B9A /* main.m */,
				13B07FB81A68108700A75B9A /* PrivacyInfo.xcprivacy */,
				59FC3CCB0471EE1186F928DD /* PrivacyInfo.xcprivacy */,
			);
			name = pinpalfrontend;
			sourceTree = "<group>";
		};
		2D16E6871FA4F8E400B85C8A /* Frameworks */ = {
			isa = PBXGroup;
			children = (
				ED297162215061F000B7C4FE /* JavaScriptCore.framework */,
				5DCACB8F33CDC322A6C60F78 /* libPods-pinpalfrontend.a */,
				19F6CBCC0A4E27FBF8BF4A61 /* libPods-pinpalfrontend-pinpalfrontendTests.a */,
			);
			name = Frameworks;
			sourceTree = "<group>";
		};
		832341AE1AAA6A7D00B99B32 /* Libraries */ = {
			isa = PBXGroup;
			children = (
			);
			name = Libraries;
			sourceTree = "<group>";
		};
		83CBB9F61A601CBA00E9B192 = {
			isa = PBXGroup;
			children = (
				13B07FAE1A68108700A75B9A /* pinpalfrontend */,
				832341AE1AAA6A7D00B99B32 /* Libraries */,
				00E356EF1AD99517003FC87E /* pinpalfrontendTests */,
				83CBBA001A601CBA00E9B192 /* Products */,
				2D16E6871FA4F8E400B85C8A /* Frameworks */,
				BBD78D7AC51CEA395F1C20DB /* Pods */,
				902B0F7D0647469ABDBDDCEB /* Resources */,
			);
			indentWidth = 2;
			sourceTree = "<group>";
			tabWidth = 2;
			usesTabs = 0;
		};
		83CBBA001A601CBA00E9B192 /* Products */ = {
			isa = PBXGroup;
			children = (
				13B07F961A680F5B00A75B9A /* pinpalfrontend.app */,
				00E356EE1AD99517003FC87E /* pinpalfrontendTests.xctest */,
			);
			name = Products;
			sourceTree = "<group>";
		};
		902B0F7D0647469ABDBDDCEB /* Resources */ = {
			isa = PBXGroup;
			children = (
				AFA3A992A947444BAF27E915 /* Sansation_Bold.ttf */,
				FD38407AC46E4644B6933DF9 /* Sansation_Bold_Italic.ttf */,
				37D17C76B2DF482F9F4E5147 /* Sansation_Italic.ttf */,
				367B728F52CC4F898E120E0F /* Sansation_Light.ttf */,
				44A8A4E9007C4DE98095C793 /* Sansation_Light_Italic.ttf */,
				1C09564894554EEEA2D1B856 /* Sansation_Regular.ttf */,
				E80E0DE07AB94679A0B72505 /* GentiumBookPlus-BoldItalic.ttf */,
				236345E997BA4AB0909623FE /* GentiumBookPlus-Regular.ttf */,
				07316B7F503A4CC8BB13E47E /* GentiumBookPlusBold.ttf */,
				672938C3639F475499157E97 /* GentiumBookPlusItalic.ttf */,
			);
			name = Resources;
			sourceTree = "<group>";
		};
		A336A9912C6BD0E4005D99D4 /* Fonts */ = {
			isa = PBXGroup;
			children = (
				A336A97E2C6BD0E4005D99D4 /* AntDesign.ttf */,
				A336A97F2C6BD0E4005D99D4 /* Entypo.ttf */,
				A336A9802C6BD0E4005D99D4 /* EvilIcons.ttf */,
				A336A9812C6BD0E4005D99D4 /* Feather.ttf */,
				A336A9822C6BD0E4005D99D4 /* FontAwesome.ttf */,
				A336A9832C6BD0E4005D99D4 /* FontAwesome5_Brands.ttf */,
				A336A9842C6BD0E4005D99D4 /* FontAwesome5_Regular.ttf */,
				A336A9852C6BD0E4005D99D4 /* FontAwesome5_Solid.ttf */,
				A336A9862C6BD0E4005D99D4 /* FontAwesome6_Brands.ttf */,
				A336A9872C6BD0E4005D99D4 /* FontAwesome6_Regular.ttf */,
				A336A9882C6BD0E4005D99D4 /* FontAwesome6_Solid.ttf */,
				A336A9892C6BD0E4005D99D4 /* Fontisto.ttf */,
				A336A98A2C6BD0E4005D99D4 /* Foundation.ttf */,
				A336A98B2C6BD0E4005D99D4 /* Ionicons.ttf */,
				A336A98C2C6BD0E4005D99D4 /* MaterialCommunityIcons.ttf */,
				A336A98D2C6BD0E4005D99D4 /* MaterialIcons.ttf */,
				A336A98E2C6BD0E4005D99D4 /* Octicons.ttf */,
				A336A98F2C6BD0E4005D99D4 /* SimpleLineIcons.ttf */,
				A336A9902C6BD0E4005D99D4 /* Zocial.ttf */,
			);
			path = Fonts;
			sourceTree = "<group>";
		};
		BBD78D7AC51CEA395F1C20DB /* Pods */ = {
			isa = PBXGroup;
			children = (
				3B4392A12AC88292D35C810B /* Pods-pinpalfrontend.debug.xcconfig */,
				5709B34CF0A7D63546082F79 /* Pods-pinpalfrontend.release.xcconfig */,
				5B7EB9410499542E8C5724F5 /* Pods-pinpalfrontend-pinpalfrontendTests.debug.xcconfig */,
				89C6BE57DB24E9ADA2F236DE /* Pods-pinpalfrontend-pinpalfrontendTests.release.xcconfig */,
			);
			path = Pods;
			sourceTree = "<group>";
		};
/* End PBXGroup section */

/* Begin PBXNativeTarget section */
		00E356ED1AD99517003FC87E /* pinpalfrontendTests */ = {
			isa = PBXNativeTarget;
			buildConfigurationList = 00E357021AD99517003FC87E /* Build configuration list for PBXNativeTarget "pinpalfrontendTests" */;
			buildPhases = (
				A55EABD7B0C7F3A422A6CC61 /* [CP] Check Pods Manifest.lock */,
				00E356EA1AD99517003FC87E /* Sources */,
				00E356EB1AD99517003FC87E /* Frameworks */,
				00E356EC1AD99517003FC87E /* Resources */,
				C59DA0FBD6956966B86A3779 /* [CP] Embed Pods Frameworks */,
				F6A41C54EA430FDDC6A6ED99 /* [CP] Copy Pods Resources */,
			);
			buildRules = (
			);
			dependencies = (
				00E356F51AD99517003FC87E /* PBXTargetDependency */,
			);
			name = pinpalfrontendTests;
			productName = pinpalfrontendTests;
			productReference = 00E356EE1AD99517003FC87E /* pinpalfrontendTests.xctest */;
			productType = "com.apple.product-type.bundle.unit-test";
		};
		13B07F861A680F5B00A75B9A /* pinpalfrontend */ = {
			isa = PBXNativeTarget;
			buildConfigurationList = 13B07F931A680F5B00A75B9A /* Build configuration list for PBXNativeTarget "pinpalfrontend" */;
			buildPhases = (
				C38B50BA6285516D6DCD4F65 /* [CP] Check Pods Manifest.lock */,
				13B07F871A680F5B00A75B9A /* Sources */,
				13B07F8C1A680F5B00A75B9A /* Frameworks */,
				13B07F8E1A680F5B00A75B9A /* Resources */,
				00DD1BFF1BD5951E006B06BC /* Bundle React Native code and images */,
				00EEFC60759A1932668264C0 /* [CP] Embed Pods Frameworks */,
				E235C05ADACE081382539298 /* [CP] Copy Pods Resources */,
			);
			buildRules = (
			);
			dependencies = (
			);
			name = pinpalfrontend;
			productName = pinpalfrontend;
			productReference = 13B07F961A680F5B00A75B9A /* pinpalfrontend.app */;
			productType = "com.apple.product-type.application";
		};
/* End PBXNativeTarget section */

/* Begin PBXProject section */
		83CBB9F71A601CBA00E9B192 /* Project object */ = {
			isa = PBXProject;
			attributes = {
				LastUpgradeCheck = 1210;
				TargetAttributes = {
					00E356ED1AD99517003FC87E = {
						CreatedOnToolsVersion = 6.2;
						TestTargetID = 13B07F861A680F5B00A75B9A;
					};
					13B07F861A680F5B00A75B9A = {
						LastSwiftMigration = 1120;
					};
				};
			};
			buildConfigurationList = 83CBB9FA1A601CBA00E9B192 /* Build configuration list for PBXProject "pinpalfrontend" */;
			compatibilityVersion = "Xcode 12.0";
			developmentRegion = en;
			hasScannedForEncodings = 0;
			knownRegions = (
				en,
				Base,
			);
			mainGroup = 83CBB9F61A601CBA00E9B192;
			productRefGroup = 83CBBA001A601CBA00E9B192 /* Products */;
			projectDirPath = "";
			projectRoot = "";
			targets = (
				13B07F861A680F5B00A75B9A /* pinpalfrontend */,
				00E356ED1AD99517003FC87E /* pinpalfrontendTests */,
			);
		};
/* End PBXProject section */

/* Begin PBXResourcesBuildPhase section */
		00E356EC1AD99517003FC87E /* Resources */ = {
			isa = PBXResourcesBuildPhase;
			buildActionMask = 2147483647;
			files = (
			);
			runOnlyForDeploymentPostprocessing = 0;
		};
		13B07F8E1A680F5B00A75B9A /* Resources */ = {
			isa = PBXResourcesBuildPhase;
			buildActionMask = 2147483647;
			files = (
				81AB9BB82411601600AC10FF /* LaunchScreen.storyboard in Resources */,
				A336A99E2C6BD0E4005D99D4 /* Foundation.ttf in Resources */,
				A336A9952C6BD0E4005D99D4 /* Feather.ttf in Resources */,
				A336A99B2C6BD0E4005D99D4 /* FontAwesome6_Regular.ttf in Resources */,
				A336A9A12C6BD0E4005D99D4 /* MaterialIcons.ttf in Resources */,
				A336A9A32C6BD0E4005D99D4 /* SimpleLineIcons.ttf in Resources */,
				A336A9A42C6BD0E4005D99D4 /* Zocial.ttf in Resources */,
				A336A99F2C6BD0E4005D99D4 /* Ionicons.ttf in Resources */,
				A336A9982C6BD0E4005D99D4 /* FontAwesome5_Regular.ttf in Resources */,
				A336A9942C6BD0E4005D99D4 /* EvilIcons.ttf in Resources */,
				A336A9972C6BD0E4005D99D4 /* FontAwesome5_Brands.ttf in Resources */,
				A336A99C2C6BD0E4005D99D4 /* FontAwesome6_Solid.ttf in Resources */,
				A336A9A22C6BD0E4005D99D4 /* Octicons.ttf in Resources */,
				A336A9962C6BD0E4005D99D4 /* FontAwesome.ttf in Resources */,
				13B07FBF1A68108700A75B9A /* Images.xcassets in Resources */,
				A336A9922C6BD0E4005D99D4 /* AntDesign.ttf in Resources */,
				A336A9932C6BD0E4005D99D4 /* Entypo.ttf in Resources */,
				A336A9992C6BD0E4005D99D4 /* FontAwesome5_Solid.ttf in Resources */,
				A336A99D2C6BD0E4005D99D4 /* Fontisto.ttf in Resources */,
				A336A99A2C6BD0E4005D99D4 /* FontAwesome6_Brands.ttf in Resources */,
				A336A9A02C6BD0E4005D99D4 /* MaterialCommunityIcons.ttf in Resources */,
				CD9687237F925D96D3F1CBC7 /* PrivacyInfo.xcprivacy in Resources */,
				D7F983707B114B22ADF8CE40 /* Sansation_Bold.ttf in Resources */,
				6105B53E06FE461D8E79D881 /* Sansation_Bold_Italic.ttf in Resources */,
				214E2FE89175467F814F1939 /* Sansation_Italic.ttf in Resources */,
				59B9B1780D624B22AF90774D /* Sansation_Light.ttf in Resources */,
				A3FADC1342824607982FF923 /* Sansation_Light_Italic.ttf in Resources */,
				0ED6278CFECD4EC09D75D6F1 /* Sansation_Regular.ttf in Resources */,
				4835F1380D2D4240B93CF861 /* GentiumBookPlus-BoldItalic.ttf in Resources */,
				9858878196204A56AFCBAA1A /* GentiumBookPlus-Regular.ttf in Resources */,
				F06199079DA143B5BBBD9154 /* GentiumBookPlusBold.ttf in Resources */,
				6D81C220B87444C3BE6B215D /* GentiumBookPlusItalic.ttf in Resources */,
			);
			runOnlyForDeploymentPostprocessing = 0;
		};
/* End PBXResourcesBuildPhase section */

/* Begin PBXShellScriptBuildPhase section */
		00DD1BFF1BD5951E006B06BC /* Bundle React Native code and images */ = {
			isa = PBXShellScriptBuildPhase;
			buildActionMask = 2147483647;
			files = (
			);
			inputPaths = (
				"$(SRCROOT)/.xcode.env.local",
				"$(SRCROOT)/.xcode.env",
			);
			name = "Bundle React Native code and images";
			outputPaths = (
			);
			runOnlyForDeploymentPostprocessing = 0;
			shellPath = /bin/sh;
			shellScript = "set -e\n\nWITH_ENVIRONMENT=\"$REACT_NATIVE_PATH/scripts/xcode/with-environment.sh\"\nREACT_NATIVE_XCODE=\"$REACT_NATIVE_PATH/scripts/react-native-xcode.sh\"\n\n/bin/sh -c \"$WITH_ENVIRONMENT $REACT_NATIVE_XCODE\"\n";
		};
		00EEFC60759A1932668264C0 /* [CP] Embed Pods Frameworks */ = {
			isa = PBXShellScriptBuildPhase;
			buildActionMask = 2147483647;
			files = (
			);
			inputFileListPaths = (
				"${PODS_ROOT}/Target Support Files/Pods-pinpalfrontend/Pods-pinpalfrontend-frameworks-${CONFIGURATION}-input-files.xcfilelist",
			);
			name = "[CP] Embed Pods Frameworks";
			outputFileListPaths = (
				"${PODS_ROOT}/Target Support Files/Pods-pinpalfrontend/Pods-pinpalfrontend-frameworks-${CONFIGURATION}-output-files.xcfilelist",
			);
			runOnlyForDeploymentPostprocessing = 0;
			shellPath = /bin/sh;
			shellScript = "\"${PODS_ROOT}/Target Support Files/Pods-pinpalfrontend/Pods-pinpalfrontend-frameworks.sh\"\n";
			showEnvVarsInLog = 0;
		};
		A55EABD7B0C7F3A422A6CC61 /* [CP] Check Pods Manifest.lock */ = {
			isa = PBXShellScriptBuildPhase;
			buildActionMask = 2147483647;
			files = (
			);
			inputFileListPaths = (
			);
			inputPaths = (
				"${PODS_PODFILE_DIR_PATH}/Podfile.lock",
				"${PODS_ROOT}/Manifest.lock",
			);
			name = "[CP] Check Pods Manifest.lock";
			outputFileListPaths = (
			);
			outputPaths = (
				"$(DERIVED_FILE_DIR)/Pods-pinpalfrontend-pinpalfrontendTests-checkManifestLockResult.txt",
			);
			runOnlyForDeploymentPostprocessing = 0;
			shellPath = /bin/sh;
			shellScript = "diff \"${PODS_PODFILE_DIR_PATH}/Podfile.lock\" \"${PODS_ROOT}/Manifest.lock\" > /dev/null\nif [ $? != 0 ] ; then\n    # print error to STDERR\n    echo \"error: The sandbox is not in sync with the Podfile.lock. Run 'pod install' or update your CocoaPods installation.\" >&2\n    exit 1\nfi\n# This output is used by Xcode 'outputs' to avoid re-running this script phase.\necho \"SUCCESS\" > \"${SCRIPT_OUTPUT_FILE_0}\"\n";
			showEnvVarsInLog = 0;
		};
		C38B50BA6285516D6DCD4F65 /* [CP] Check Pods Manifest.lock */ = {
			isa = PBXShellScriptBuildPhase;
			buildActionMask = 2147483647;
			files = (
			);
			inputFileListPaths = (
			);
			inputPaths = (
				"${PODS_PODFILE_DIR_PATH}/Podfile.lock",
				"${PODS_ROOT}/Manifest.lock",
			);
			name = "[CP] Check Pods Manifest.lock";
			outputFileListPaths = (
			);
			outputPaths = (
				"$(DERIVED_FILE_DIR)/Pods-pinpalfrontend-checkManifestLockResult.txt",
			);
			runOnlyForDeploymentPostprocessing = 0;
			shellPath = /bin/sh;
			shellScript = "diff \"${PODS_PODFILE_DIR_PATH}/Podfile.lock\" \"${PODS_ROOT}/Manifest.lock\" > /dev/null\nif [ $? != 0 ] ; then\n    # print error to STDERR\n    echo \"error: The sandbox is not in sync with the Podfile.lock. Run 'pod install' or update your CocoaPods installation.\" >&2\n    exit 1\nfi\n# This output is used by Xcode 'outputs' to avoid re-running this script phase.\necho \"SUCCESS\" > \"${SCRIPT_OUTPUT_FILE_0}\"\n";
			showEnvVarsInLog = 0;
		};
		C59DA0FBD6956966B86A3779 /* [CP] Embed Pods Frameworks */ = {
			isa = PBXShellScriptBuildPhase;
			buildActionMask = 2147483647;
			files = (
			);
			inputFileListPaths = (
				"${PODS_ROOT}/Target Support Files/Pods-pinpalfrontend-pinpalfrontendTests/Pods-pinpalfrontend-pinpalfrontendTests-frameworks-${CONFIGURATION}-input-files.xcfilelist",
			);
			name = "[CP] Embed Pods Frameworks";
			outputFileListPaths = (
				"${PODS_ROOT}/Target Support Files/Pods-pinpalfrontend-pinpalfrontendTests/Pods-pinpalfrontend-pinpalfrontendTests-frameworks-${CONFIGURATION}-output-files.xcfilelist",
			);
			runOnlyForDeploymentPostprocessing = 0;
			shellPath = /bin/sh;
			shellScript = "\"${PODS_ROOT}/Target Support Files/Pods-pinpalfrontend-pinpalfrontendTests/Pods-pinpalfrontend-pinpalfrontendTests-frameworks.sh\"\n";
			showEnvVarsInLog = 0;
		};
		E235C05ADACE081382539298 /* [CP] Copy Pods Resources */ = {
			isa = PBXShellScriptBuildPhase;
			buildActionMask = 2147483647;
			files = (
			);
			inputFileListPaths = (
				"${PODS_ROOT}/Target Support Files/Pods-pinpalfrontend/Pods-pinpalfrontend-resources-${CONFIGURATION}-input-files.xcfilelist",
			);
			name = "[CP] Copy Pods Resources";
			outputFileListPaths = (
				"${PODS_ROOT}/Target Support Files/Pods-pinpalfrontend/Pods-pinpalfrontend-resources-${CONFIGURATION}-output-files.xcfilelist",
			);
			runOnlyForDeploymentPostprocessing = 0;
			shellPath = /bin/sh;
			shellScript = "\"${PODS_ROOT}/Target Support Files/Pods-pinpalfrontend/Pods-pinpalfrontend-resources.sh\"\n";
			showEnvVarsInLog = 0;
		};
		F6A41C54EA430FDDC6A6ED99 /* [CP] Copy Pods Resources */ = {
			isa = PBXShellScriptBuildPhase;
			buildActionMask = 2147483647;
			files = (
			);
			inputFileListPaths = (
				"${PODS_ROOT}/Target Support Files/Pods-pinpalfrontend-pinpalfrontendTests/Pods-pinpalfrontend-pinpalfrontendTests-resources-${CONFIGURATION}-input-files.xcfilelist",
			);
			name = "[CP] Copy Pods Resources";
			outputFileListPaths = (
				"${PODS_ROOT}/Target Support Files/Pods-pinpalfrontend-pinpalfrontendTests/Pods-pinpalfrontend-pinpalfrontendTests-resources-${CONFIGURATION}-output-files.xcfilelist",
			);
			runOnlyForDeploymentPostprocessing = 0;
			shellPath = /bin/sh;
			shellScript = "\"${PODS_ROOT}/Target Support Files/Pods-pinpalfrontend-pinpalfrontendTests/Pods-pinpalfrontend-pinpalfrontendTests-resources.sh\"\n";
			showEnvVarsInLog = 0;
		};
/* End PBXShellScriptBuildPhase section */

/* Begin PBXSourcesBuildPhase section */
		00E356EA1AD99517003FC87E /* Sources */ = {
			isa = PBXSourcesBuildPhase;
			buildActionMask = 2147483647;
			files = (
				00E356F31AD99517003FC87E /* pinpalfrontendTests.m in Sources */,
			);
			runOnlyForDeploymentPostprocessing = 0;
		};
		13B07F871A680F5B00A75B9A /* Sources */ = {
			isa = PBXSourcesBuildPhase;
			buildActionMask = 2147483647;
			files = (
				13B07FBC1A68108700A75B9A /* AppDelegate.mm in Sources */,
				13B07FC11A68108700A75B9A /* main.m in Sources */,
			);
			runOnlyForDeploymentPostprocessing = 0;
		};
/* End PBXSourcesBuildPhase section */

/* Begin PBXTargetDependency section */
		00E356F51AD99517003FC87E /* PBXTargetDependency */ = {
			isa = PBXTargetDependency;
			target = 13B07F861A680F5B00A75B9A /* pinpalfrontend */;
			targetProxy = 00E356F41AD99517003FC87E /* PBXContainerItemProxy */;
		};
/* End PBXTargetDependency section */

/* Begin XCBuildConfiguration section */
		00E356F61AD99517003FC87E /* Debug */ = {
			isa = XCBuildConfiguration;
			baseConfigurationReference = 5B7EB9410499542E8C5724F5 /* Pods-pinpalfrontend-pinpalfrontendTests.debug.xcconfig */;
			buildSettings = {
				BUNDLE_LOADER = "$(TEST_HOST)";
				GCC_PREPROCESSOR_DEFINITIONS = (
					"DEBUG=1",
					"$(inherited)",
				);
				INFOPLIST_FILE = pinpalfrontendTests/Info.plist;
				IPHONEOS_DEPLOYMENT_TARGET = 13.4;
				LD_RUNPATH_SEARCH_PATHS = (
					"$(inherited)",
					"@executable_path/Frameworks",
					"@loader_path/Frameworks",
				);
				OTHER_LDFLAGS = (
					"-ObjC",
					"-lc++",
					"$(inherited)",
				);
				PRODUCT_BUNDLE_IDENTIFIER = "org.reactjs.native.example.$(PRODUCT_NAME:rfc1034identifier)";
				PRODUCT_NAME = "$(TARGET_NAME)";
				TEST_HOST = "$(BUILT_PRODUCTS_DIR)/pinpalfrontend.app/pinpalfrontend";
			};
			name = Debug;
		};
		00E356F71AD99517003FC87E /* Release */ = {
			isa = XCBuildConfiguration;
			baseConfigurationReference = 89C6BE57DB24E9ADA2F236DE /* Pods-pinpalfrontend-pinpalfrontendTests.release.xcconfig */;
			buildSettings = {
				BUNDLE_LOADER = "$(TEST_HOST)";
				COPY_PHASE_STRIP = NO;
				INFOPLIST_FILE = pinpalfrontendTests/Info.plist;
				IPHONEOS_DEPLOYMENT_TARGET = 13.4;
				LD_RUNPATH_SEARCH_PATHS = (
					"$(inherited)",
					"@executable_path/Frameworks",
					"@loader_path/Frameworks",
				);
				OTHER_LDFLAGS = (
					"-ObjC",
					"-lc++",
					"$(inherited)",
				);
				PRODUCT_BUNDLE_IDENTIFIER = "org.reactjs.native.example.$(PRODUCT_NAME:rfc1034identifier)";
				PRODUCT_NAME = "$(TARGET_NAME)";
				TEST_HOST = "$(BUILT_PRODUCTS_DIR)/pinpalfrontend.app/pinpalfrontend";
			};
			name = Release;
		};
		13B07F941A680F5B00A75B9A /* Debug */ = {
			isa = XCBuildConfiguration;
			baseConfigurationReference = 3B4392A12AC88292D35C810B /* Pods-pinpalfrontend.debug.xcconfig */;
			buildSettings = {
				ASSETCATALOG_COMPILER_APPICON_NAME = AppIcon;
				CLANG_ENABLE_MODULES = YES;
				CURRENT_PROJECT_VERSION = 1;
				DEVELOPMENT_TEAM = X3FKZ2A4F3;
				ENABLE_BITCODE = NO;
				INFOPLIST_FILE = pinpalfrontend/Info.plist;
				INFOPLIST_KEY_CFBundleDisplayName = "pinpal-frontend";
				LD_RUNPATH_SEARCH_PATHS = (
					"$(inherited)",
					"@executable_path/Frameworks",
				);
				MARKETING_VERSION = 1.0;
				OTHER_LDFLAGS = (
					"$(inherited)",
					"-ObjC",
					"-lc++",
				);
				PRODUCT_BUNDLE_IDENTIFIER = "org.reactjs.native.example.$(PRODUCT_NAME:rfc1034identifier)";
				PRODUCT_NAME = pinpalfrontend;
				SWIFT_OPTIMIZATION_LEVEL = "-Onone";
				SWIFT_VERSION = 5.0;
				VERSIONING_SYSTEM = "apple-generic";
			};
			name = Debug;
		};
		13B07F951A680F5B00A75B9A /* Release */ = {
			isa = XCBuildConfiguration;
			baseConfigurationReference = 5709B34CF0A7D63546082F79 /* Pods-pinpalfrontend.release.xcconfig */;
			buildSettings = {
				ASSETCATALOG_COMPILER_APPICON_NAME = AppIcon;
				CLANG_ENABLE_MODULES = YES;
				CURRENT_PROJECT_VERSION = 1;
				DEVELOPMENT_TEAM = X3FKZ2A4F3;
				INFOPLIST_FILE = pinpalfrontend/Info.plist;
				INFOPLIST_KEY_CFBundleDisplayName = "pinpal-frontend";
				LD_RUNPATH_SEARCH_PATHS = (
					"$(inherited)",
					"@executable_path/Frameworks",
				);
				MARKETING_VERSION = 1.0;
				OTHER_LDFLAGS = (
					"$(inherited)",
					"-ObjC",
					"-lc++",
				);
				PRODUCT_BUNDLE_IDENTIFIER = "org.reactjs.native.example.$(PRODUCT_NAME:rfc1034identifier)";
				PRODUCT_NAME = pinpalfrontend;
				SWIFT_VERSION = 5.0;
				VERSIONING_SYSTEM = "apple-generic";
			};
			name = Release;
		};
		83CBBA201A601CBA00E9B192 /* Debug */ = {
			isa = XCBuildConfiguration;
			buildSettings = {
				ALWAYS_SEARCH_USER_PATHS = NO;
				CC = "";
				CLANG_ANALYZER_LOCALIZABILITY_NONLOCALIZED = YES;
				CLANG_CXX_LANGUAGE_STANDARD = "c++20";
				CLANG_CXX_LIBRARY = "libc++";
				CLANG_ENABLE_MODULES = YES;
				CLANG_ENABLE_OBJC_ARC = YES;
				CLANG_WARN_BLOCK_CAPTURE_AUTORELEASING = YES;
				CLANG_WARN_BOOL_CONVERSION = YES;
				CLANG_WARN_COMMA = YES;
				CLANG_WARN_CONSTANT_CONVERSION = YES;
				CLANG_WARN_DEPRECATED_OBJC_IMPLEMENTATIONS = YES;
				CLANG_WARN_DIRECT_OBJC_ISA_USAGE = YES_ERROR;
				CLANG_WARN_EMPTY_BODY = YES;
				CLANG_WARN_ENUM_CONVERSION = YES;
				CLANG_WARN_INFINITE_RECURSION = YES;
				CLANG_WARN_INT_CONVERSION = YES;
				CLANG_WARN_NON_LITERAL_NULL_CONVERSION = YES;
				CLANG_WARN_OBJC_IMPLICIT_RETAIN_SELF = YES;
				CLANG_WARN_OBJC_LITERAL_CONVERSION = YES;
				CLANG_WARN_OBJC_ROOT_CLASS = YES_ERROR;
				CLANG_WARN_QUOTED_INCLUDE_IN_FRAMEWORK_HEADER = YES;
				CLANG_WARN_RANGE_LOOP_ANALYSIS = YES;
				CLANG_WARN_STRICT_PROTOTYPES = YES;
				CLANG_WARN_SUSPICIOUS_MOVE = YES;
				CLANG_WARN_UNREACHABLE_CODE = YES;
				CLANG_WARN__DUPLICATE_METHOD_MATCH = YES;
				"CODE_SIGN_IDENTITY[sdk=iphoneos*]" = "iPhone Developer";
				COPY_PHASE_STRIP = NO;
				CXX = "";
				ENABLE_STRICT_OBJC_MSGSEND = YES;
				ENABLE_TESTABILITY = YES;
				"EXCLUDED_ARCHS[sdk=iphonesimulator*]" = "";
				GCC_C_LANGUAGE_STANDARD = gnu99;
				GCC_DYNAMIC_NO_PIC = NO;
				GCC_NO_COMMON_BLOCKS = YES;
				GCC_OPTIMIZATION_LEVEL = 0;
				GCC_PREPROCESSOR_DEFINITIONS = (
					"DEBUG=1",
					"$(inherited)",
				);
				GCC_SYMBOLS_PRIVATE_EXTERN = NO;
				GCC_WARN_64_TO_32_BIT_CONVERSION = YES;
				GCC_WARN_ABOUT_RETURN_TYPE = YES_ERROR;
				GCC_WARN_UNDECLARED_SELECTOR = YES;
				GCC_WARN_UNINITIALIZED_AUTOS = YES_AGGRESSIVE;
				GCC_WARN_UNUSED_FUNCTION = YES;
				GCC_WARN_UNUSED_VARIABLE = YES;
				IPHONEOS_DEPLOYMENT_TARGET = 13.4;
				LD = "";
				LDPLUSPLUS = "";
				LD_RUNPATH_SEARCH_PATHS = (
					/usr/lib/swift,
					"$(inherited)",
				);
				LIBRARY_SEARCH_PATHS = (
					"\"$(SDKROOT)/usr/lib/swift\"",
					"\"$(TOOLCHAIN_DIR)/usr/lib/swift/$(PLATFORM_NAME)\"",
					"\"$(inherited)\"",
				);
				MTL_ENABLE_DEBUG_INFO = YES;
				ONLY_ACTIVE_ARCH = YES;
				OTHER_CPLUSPLUSFLAGS = (
					"$(OTHER_CFLAGS)",
					"-DFOLLY_NO_CONFIG",
					"-DFOLLY_MOBILE=1",
					"-DFOLLY_USE_LIBCPP=1",
					"-DFOLLY_CFG_NO_COROUTINES=1",
					"-DFOLLY_HAVE_CLOCK_GETTIME=1",
				);
				OTHER_LDFLAGS = (
					"$(inherited)",
					" ",
				);
				REACT_NATIVE_PATH = "${PODS_ROOT}/../../node_modules/react-native";
				SDKROOT = iphoneos;
				USE_HERMES = true;
			};
			name = Debug;
		};
		83CBBA211A601CBA00E9B192 /* Release */ = {
			isa = XCBuildConfiguration;
			buildSettings = {
				ALWAYS_SEARCH_USER_PATHS = NO;
				CC = "";
				CLANG_ANALYZER_LOCALIZABILITY_NONLOCALIZED = YES;
				CLANG_CXX_LANGUAGE_STANDARD = "c++20";
				CLANG_CXX_LIBRARY = "libc++";
				CLANG_ENABLE_MODULES = YES;
				CLANG_ENABLE_OBJC_ARC = YES;
				CLANG_WARN_BLOCK_CAPTURE_AUTORELEASING = YES;
				CLANG_WARN_BOOL_CONVERSION = YES;
				CLANG_WARN_COMMA = YES;
				CLANG_WARN_CONSTANT_CONVERSION = YES;
				CLANG_WARN_DEPRECATED_OBJC_IMPLEMENTATIONS = YES;
				CLANG_WARN_DIRECT_OBJC_ISA_USAGE = YES_ERROR;
				CLANG_WARN_EMPTY_BODY = YES;
				CLANG_WARN_ENUM_CONVERSION = YES;
				CLANG_WARN_INFINITE_RECURSION = YES;
				CLANG_WARN_INT_CONVERSION = YES;
				CLANG_WARN_NON_LITERAL_NULL_CONVERSION = YES;
				CLANG_WARN_OBJC_IMPLICIT_RETAIN_SELF = YES;
				CLANG_WARN_OBJC_LITERAL_CONVERSION = YES;
				CLANG_WARN_OBJC_ROOT_CLASS = YES_ERROR;
				CLANG_WARN_QUOTED_INCLUDE_IN_FRAMEWORK_HEADER = YES;
				CLANG_WARN_RANGE_LOOP_ANALYSIS = YES;
				CLANG_WARN_STRICT_PROTOTYPES = YES;
				CLANG_WARN_SUSPICIOUS_MOVE = YES;
				CLANG_WARN_UNREACHABLE_CODE = YES;
				CLANG_WARN__DUPLICATE_METHOD_MATCH = YES;
				"CODE_SIGN_IDENTITY[sdk=iphoneos*]" = "iPhone Developer";
				COPY_PHASE_STRIP = YES;
				CXX = "";
				ENABLE_NS_ASSERTIONS = NO;
				ENABLE_STRICT_OBJC_MSGSEND = YES;
				"EXCLUDED_ARCHS[sdk=iphonesimulator*]" = "";
				GCC_C_LANGUAGE_STANDARD = gnu99;
				GCC_NO_COMMON_BLOCKS = YES;
				GCC_WARN_64_TO_32_BIT_CONVERSION = YES;
				GCC_WARN_ABOUT_RETURN_TYPE = YES_ERROR;
				GCC_WARN_UNDECLARED_SELECTOR = YES;
				GCC_WARN_UNINITIALIZED_AUTOS = YES_AGGRESSIVE;
				GCC_WARN_UNUSED_FUNCTION = YES;
				GCC_WARN_UNUSED_VARIABLE = YES;
				IPHONEOS_DEPLOYMENT_TARGET = 13.4;
				LD = "";
				LDPLUSPLUS = "";
				LD_RUNPATH_SEARCH_PATHS = (
					/usr/lib/swift,
					"$(inherited)",
				);
				LIBRARY_SEARCH_PATHS = (
					"\"$(SDKROOT)/usr/lib/swift\"",
					"\"$(TOOLCHAIN_DIR)/usr/lib/swift/$(PLATFORM_NAME)\"",
					"\"$(inherited)\"",
				);
				MTL_ENABLE_DEBUG_INFO = NO;
				OTHER_CPLUSPLUSFLAGS = (
					"$(OTHER_CFLAGS)",
					"-DFOLLY_NO_CONFIG",
					"-DFOLLY_MOBILE=1",
					"-DFOLLY_USE_LIBCPP=1",
					"-DFOLLY_CFG_NO_COROUTINES=1",
					"-DFOLLY_HAVE_CLOCK_GETTIME=1",
				);
				OTHER_LDFLAGS = (
					"$(inherited)",
					" ",
				);
				REACT_NATIVE_PATH = "${PODS_ROOT}/../../node_modules/react-native";
				SDKROOT = iphoneos;
				USE_HERMES = true;
				VALIDATE_PRODUCT = YES;
			};
			name = Release;
		};
/* End XCBuildConfiguration section */

/* Begin XCConfigurationList section */
		00E357021AD99517003FC87E /* Build configuration list for PBXNativeTarget "pinpalfrontendTests" */ = {
			isa = XCConfigurationList;
			buildConfigurations = (
				00E356F61AD99517003FC87E /* Debug */,
				00E356F71AD99517003FC87E /* Release */,
			);
			defaultConfigurationIsVisible = 0;
			defaultConfigurationName = Release;
		};
		13B07F931A680F5B00A75B9A /* Build configuration list for PBXNativeTarget "pinpalfrontend" */ = {
			isa = XCConfigurationList;
			buildConfigurations = (
				13B07F941A680F5B00A75B9A /* Debug */,
				13B07F951A680F5B00A75B9A /* Release */,
			);
			defaultConfigurationIsVisible = 0;
			defaultConfigurationName = Release;
		};
		83CBB9FA1A601CBA00E9B192 /* Build configuration list for PBXProject "pinpalfrontend" */ = {
			isa = XCConfigurationList;
			buildConfigurations = (
				83CBBA201A601CBA00E9B192 /* Debug */,
				83CBBA211A601CBA00E9B192 /* Release */,
			);
			defaultConfigurationIsVisible = 0;
			defaultConfigurationName = Release;
		};
/* End XCConfigurationList section */
	};
	rootObject = 83CBB9F71A601CBA00E9B192 /* Project object */;
}
